
Microsoft Visual Studio Solution File, Format Version 12.00
# Visual Studio Version 17
VisualStudioVersion = 17.4.33205.214
MinimumVisualStudioVersion = 10.0.40219.1
Project("{FAE04EC0-301F-11D3-BF4B-00C04F79EFBC}") = "Exam", "Exam.csproj", "{C9E44A89-2CF1-418F-82EC-7077B309447E}"
EndProject
Global
	GlobalSection(SolutionConfigurationPlatforms) = preSolution
		Debug|Any CPU = Debug|Any CPU
		Release|Any CPU = Release|Any CPU
	EndGlobalSection
	GlobalSection(ProjectConfigurationPlatforms) = postSolution
		{C9E44A89-2CF1-418F-82EC-7077B309447E}.Debug|Any CPU.ActiveCfg = Debug|Any CPU
		{C9E44A89-2CF1-418F-82EC-7077B309447E}.Debug|Any CPU.Build.0 = Debug|Any CPU
		{C9E44A89-2CF1-418F-82EC-7077B309447E}.Release|Any CPU.ActiveCfg = Release|Any CPU
		{C9E44A89-2CF1-418F-82EC-7077B309447E}.Release|Any CPU.Build.0 = Release|Any CPU
	EndGlobalSection
	GlobalSection(SolutionProperties) = preSolution
		HideSolutionNode = FALSE
	EndGlobalSection
	GlobalSection(ExtensibilityGlobals) = postSolution
		SolutionGuid = {7B47F575-A19F-4123-B603-085577D6F45F}
	EndGlobalSection
EndGlobal
